// !$*UTF8*$!
{
	archiveVersion = 1;
	classes = {
	};
	objectVersion = 52;
	objects = {

/* Begin PBXBuildFile section */
		496E362F267C8B5100BA873D /* base-filter.txt in Resources */ = {isa = PBXBuildFile; fileRef = 496E362E267C8B5100BA873D /* base-filter.txt */; };
		496F4A0726A85D4700AE5754 /* images in Resources */ = {isa = PBXBuildFile; fileRef = 496F49FF26A85D4700AE5754 /* images */; };
		496F4A0826A85D4700AE5754 /* _locales in Resources */ = {isa = PBXBuildFile; fileRef = 496F4A0026A85D4700AE5754 /* _locales */; };
		496F4A0926A85D4700AE5754 /* manifest.json in Resources */ = {isa = PBXBuildFile; fileRef = 496F4A0126A85D4700AE5754 /* manifest.json */; };
		496F4A0A26A85D4700AE5754 /* assistant.js in Resources */ = {isa = PBXBuildFile; fileRef = 496F4A0226A85D4700AE5754 /* assistant.js */; };
		496F4A0B26A85D4700AE5754 /* content.js in Resources */ = {isa = PBXBuildFile; fileRef = 496F4A0326A85D4700AE5754 /* content.js */; };
		496F4A0C26A85D4700AE5754 /* background.js in Resources */ = {isa = PBXBuildFile; fileRef = 496F4A0426A85D4700AE5754 /* background.js */; };
		496F4A0D26A85D4700AE5754 /* popup.js in Resources */ = {isa = PBXBuildFile; fileRef = 496F4A0526A85D4700AE5754 /* popup.js */; };
		496F4A0E26A85D4700AE5754 /* popup.html in Resources */ = {isa = PBXBuildFile; fileRef = 496F4A0626A85D4700AE5754 /* popup.html */; };
		496F4A1626A984B000AE5754 /* UserFilter.swift in Sources */ = {isa = PBXBuildFile; fileRef = 496F4A1526A984B000AE5754 /* UserFilter.swift */; };
		496F4A2826AB1D0600AE5754 /* filter_14.txt in Resources */ = {isa = PBXBuildFile; fileRef = 496F4A1726AB1D0300AE5754 /* filter_14.txt */; };
		496F4A2926AB1D0600AE5754 /* filter_12.txt in Resources */ = {isa = PBXBuildFile; fileRef = 496F4A1826AB1D0300AE5754 /* filter_12.txt */; };
		496F4A2A26AB1D0600AE5754 /* filter_3.txt in Resources */ = {isa = PBXBuildFile; fileRef = 496F4A1926AB1D0300AE5754 /* filter_3.txt */; };
		496F4A2B26AB1D0600AE5754 /* filter_8.txt in Resources */ = {isa = PBXBuildFile; fileRef = 496F4A1A26AB1D0300AE5754 /* filter_8.txt */; };
		496F4A2C26AB1D0600AE5754 /* filter_1.txt in Resources */ = {isa = PBXBuildFile; fileRef = 496F4A1B26AB1D0300AE5754 /* filter_1.txt */; };
		496F4A2D26AB1D0600AE5754 /* filter_7.txt in Resources */ = {isa = PBXBuildFile; fileRef = 496F4A1C26AB1D0300AE5754 /* filter_7.txt */; };
		496F4A2E26AB1D0600AE5754 /* filter_6.txt in Resources */ = {isa = PBXBuildFile; fileRef = 496F4A1D26AB1D0400AE5754 /* filter_6.txt */; };
		496F4A2F26AB1D0600AE5754 /* filter_11.txt in Resources */ = {isa = PBXBuildFile; fileRef = 496F4A1E26AB1D0400AE5754 /* filter_11.txt */; };
		496F4A3026AB1D0600AE5754 /* filter_13.txt in Resources */ = {isa = PBXBuildFile; fileRef = 496F4A1F26AB1D0400AE5754 /* filter_13.txt */; };
		496F4A3126AB1D0600AE5754 /* filter_5.txt in Resources */ = {isa = PBXBuildFile; fileRef = 496F4A2026AB1D0400AE5754 /* filter_5.txt */; };
		496F4A3226AB1D0600AE5754 /* filter_4.txt in Resources */ = {isa = PBXBuildFile; fileRef = 496F4A2126AB1D0400AE5754 /* filter_4.txt */; };
		496F4A3326AB1D0600AE5754 /* filter_15.txt in Resources */ = {isa = PBXBuildFile; fileRef = 496F4A2226AB1D0500AE5754 /* filter_15.txt */; };
		496F4A3426AB1D0600AE5754 /* filter_16.txt in Resources */ = {isa = PBXBuildFile; fileRef = 496F4A2326AB1D0500AE5754 /* filter_16.txt */; };
		496F4A3526AB1D0600AE5754 /* filter_9.txt in Resources */ = {isa = PBXBuildFile; fileRef = 496F4A2426AB1D0500AE5754 /* filter_9.txt */; };
		496F4A3626AB1D0600AE5754 /* filter_2.txt in Resources */ = {isa = PBXBuildFile; fileRef = 496F4A2526AB1D0500AE5754 /* filter_2.txt */; };
		496F4A3726AB1D0600AE5754 /* filter_17.txt in Resources */ = {isa = PBXBuildFile; fileRef = 496F4A2626AB1D0500AE5754 /* filter_17.txt */; };
		496F4A3826AB1D0600AE5754 /* filter_10.txt in Resources */ = {isa = PBXBuildFile; fileRef = 496F4A2726AB1D0500AE5754 /* filter_10.txt */; };
		496F4A3E26AF066000AE5754 /* BlockerEntry.swift in Sources */ = {isa = PBXBuildFile; fileRef = 496F4A3926AF065F00AE5754 /* BlockerEntry.swift */; };
		496F4A3F26AF066000AE5754 /* ContentBlockerController.swift in Sources */ = {isa = PBXBuildFile; fileRef = 496F4A3A26AF065F00AE5754 /* ContentBlockerController.swift */; };
		496F4A4026AF066000AE5754 /* NetworkEngine.swift in Sources */ = {isa = PBXBuildFile; fileRef = 496F4A3B26AF065F00AE5754 /* NetworkEngine.swift */; };
		496F4A4126AF066000AE5754 /* BlockerData.swift in Sources */ = {isa = PBXBuildFile; fileRef = 496F4A3C26AF065F00AE5754 /* BlockerData.swift */; };
		496F4A4226AF066000AE5754 /* ContentBlockerContainer.swift in Sources */ = {isa = PBXBuildFile; fileRef = 496F4A3D26AF066000AE5754 /* ContentBlockerContainer.swift */; };
		497E810D2685D00800D90ED7 /* Config.swift in Sources */ = {isa = PBXBuildFile; fileRef = 49B2A2332674D04200C2788E /* Config.swift */; };
		49B2A1ED2674C9D700C2788E /* AppDelegate.swift in Sources */ = {isa = PBXBuildFile; fileRef = 49B2A1EC2674C9D700C2788E /* AppDelegate.swift */; };
		49B2A1F02674C9D800C2788E /* Main.storyboard in Resources */ = {isa = PBXBuildFile; fileRef = 49B2A1EE2674C9D800C2788E /* Main.storyboard */; };
		49B2A1F22674C9D800C2788E /* ViewController.swift in Sources */ = {isa = PBXBuildFile; fileRef = 49B2A1F12674C9D800C2788E /* ViewController.swift */; };
		49B2A1F42674C9DB00C2788E /* Assets.xcassets in Resources */ = {isa = PBXBuildFile; fileRef = 49B2A1F32674C9DB00C2788E /* Assets.xcassets */; };
		49B2A1FB2674C9DB00C2788E /* SampleAdBlocker Extension.appex in Embed App Extensions */ = {isa = PBXBuildFile; fileRef = 49B2A1FA2674C9DB00C2788E /* SampleAdBlocker Extension.appex */; settings = {ATTRIBUTES = (RemoveHeadersOnCopy, ); }; };
		49B2A2002674C9DB00C2788E /* Cocoa.framework in Frameworks */ = {isa = PBXBuildFile; fileRef = 49B2A1FF2674C9DB00C2788E /* Cocoa.framework */; };
		49B2A2032674C9DB00C2788E /* SafariWebExtensionHandler.swift in Sources */ = {isa = PBXBuildFile; fileRef = 49B2A2022674C9DB00C2788E /* SafariWebExtensionHandler.swift */; };
		49B2A2252674CA4000C2788E /* Cocoa.framework in Frameworks */ = {isa = PBXBuildFile; fileRef = 49B2A1FF2674C9DB00C2788E /* Cocoa.framework */; };
		49B2A22A2674CA4000C2788E /* ContentBlockerRequestHandler.swift in Sources */ = {isa = PBXBuildFile; fileRef = 49B2A2292674CA4000C2788E /* ContentBlockerRequestHandler.swift */; };
		49B2A22F2674CA4000C2788E /* ContentBlocker.appex in Embed App Extensions */ = {isa = PBXBuildFile; fileRef = 49B2A2242674CA4000C2788E /* ContentBlocker.appex */; settings = {ATTRIBUTES = (RemoveHeadersOnCopy, ); }; };
		49B2A2342674D04200C2788E /* Config.swift in Sources */ = {isa = PBXBuildFile; fileRef = 49B2A2332674D04200C2788E /* Config.swift */; };
		49B2A2352674D16800C2788E /* Config.swift in Sources */ = {isa = PBXBuildFile; fileRef = 49B2A2332674D04200C2788E /* Config.swift */; };
		49B2A23F2674D69200C2788E /* RulesConverterService.swift in Sources */ = {isa = PBXBuildFile; fileRef = 49B2A23E2674D69200C2788E /* RulesConverterService.swift */; };
		49C36A7B269F04B400BE3544 /* ContentBlockerConverter in Frameworks */ = {isa = PBXBuildFile; productRef = 49C36A7A269F04B400BE3544 /* ContentBlockerConverter */; };
/* End PBXBuildFile section */

/* Begin PBXContainerItemProxy section */
		49B2A1FC2674C9DB00C2788E /* PBXContainerItemProxy */ = {
			isa = PBXContainerItemProxy;
			containerPortal = 49B2A1E02674C9D700C2788E /* Project object */;
			proxyType = 1;
			remoteGlobalIDString = 49B2A1F92674C9DB00C2788E;
			remoteInfo = "SampleAdBlocker Extension";
		};
		49B2A22D2674CA4000C2788E /* PBXContainerItemProxy */ = {
			isa = PBXContainerItemProxy;
			containerPortal = 49B2A1E02674C9D700C2788E /* Project object */;
			proxyType = 1;
			remoteGlobalIDString = 49B2A2232674CA4000C2788E;
			remoteInfo = ContentBlocker;
		};
/* End PBXContainerItemProxy section */

/* Begin PBXCopyFilesBuildPhase section */
		49B2A21C2674C9DB00C2788E /* Embed App Extensions */ = {
			isa = PBXCopyFilesBuildPhase;
			buildActionMask = 2147483647;
			dstPath = "";
			dstSubfolderSpec = 13;
			files = (
				49B2A1FB2674C9DB00C2788E /* SampleAdBlocker Extension.appex in Embed App Extensions */,
				49B2A22F2674CA4000C2788E /* ContentBlocker.appex in Embed App Extensions */,
			);
			name = "Embed App Extensions";
			runOnlyForDeploymentPostprocessing = 0;
		};
/* End PBXCopyFilesBuildPhase section */

/* Begin PBXFileReference section */
		496E362E267C8B5100BA873D /* base-filter.txt */ = {isa = PBXFileReference; fileEncoding = 4; lastKnownFileType = text; path = "base-filter.txt"; sourceTree = "<group>"; };
		496F49FF26A85D4700AE5754 /* images */ = {isa = PBXFileReference; lastKnownFileType = folder; path = images; sourceTree = "<group>"; };
		496F4A0026A85D4700AE5754 /* _locales */ = {isa = PBXFileReference; lastKnownFileType = folder; path = _locales; sourceTree = "<group>"; };
		496F4A0126A85D4700AE5754 /* manifest.json */ = {isa = PBXFileReference; fileEncoding = 4; lastKnownFileType = text.json; path = manifest.json; sourceTree = "<group>"; };
		496F4A0226A85D4700AE5754 /* assistant.js */ = {isa = PBXFileReference; fileEncoding = 4; lastKnownFileType = sourcecode.javascript; path = assistant.js; sourceTree = "<group>"; };
		496F4A0326A85D4700AE5754 /* content.js */ = {isa = PBXFileReference; fileEncoding = 4; lastKnownFileType = sourcecode.javascript; path = content.js; sourceTree = "<group>"; };
		496F4A0426A85D4700AE5754 /* background.js */ = {isa = PBXFileReference; fileEncoding = 4; lastKnownFileType = sourcecode.javascript; path = background.js; sourceTree = "<group>"; };
		496F4A0526A85D4700AE5754 /* popup.js */ = {isa = PBXFileReference; fileEncoding = 4; lastKnownFileType = sourcecode.javascript; path = popup.js; sourceTree = "<group>"; };
		496F4A0626A85D4700AE5754 /* popup.html */ = {isa = PBXFileReference; fileEncoding = 4; lastKnownFileType = text.html; path = popup.html; sourceTree = "<group>"; };
		496F4A1526A984B000AE5754 /* UserFilter.swift */ = {isa = PBXFileReference; lastKnownFileType = sourcecode.swift; path = UserFilter.swift; sourceTree = "<group>"; };
		496F4A1726AB1D0300AE5754 /* filter_14.txt */ = {isa = PBXFileReference; fileEncoding = 4; lastKnownFileType = text; path = filter_14.txt; sourceTree = "<group>"; };
		496F4A1826AB1D0300AE5754 /* filter_12.txt */ = {isa = PBXFileReference; fileEncoding = 4; lastKnownFileType = text; path = filter_12.txt; sourceTree = "<group>"; };
		496F4A1926AB1D0300AE5754 /* filter_3.txt */ = {isa = PBXFileReference; fileEncoding = 4; lastKnownFileType = text; path = filter_3.txt; sourceTree = "<group>"; };
		496F4A1A26AB1D0300AE5754 /* filter_8.txt */ = {isa = PBXFileReference; fileEncoding = 4; lastKnownFileType = text; path = filter_8.txt; sourceTree = "<group>"; };
		496F4A1B26AB1D0300AE5754 /* filter_1.txt */ = {isa = PBXFileReference; fileEncoding = 4; lastKnownFileType = text; path = filter_1.txt; sourceTree = "<group>"; };
		496F4A1C26AB1D0300AE5754 /* filter_7.txt */ = {isa = PBXFileReference; fileEncoding = 4; lastKnownFileType = text; path = filter_7.txt; sourceTree = "<group>"; };
		496F4A1D26AB1D0400AE5754 /* filter_6.txt */ = {isa = PBXFileReference; fileEncoding = 4; lastKnownFileType = text; path = filter_6.txt; sourceTree = "<group>"; };
		496F4A1E26AB1D0400AE5754 /* filter_11.txt */ = {isa = PBXFileReference; fileEncoding = 4; lastKnownFileType = text; path = filter_11.txt; sourceTree = "<group>"; };
		496F4A1F26AB1D0400AE5754 /* filter_13.txt */ = {isa = PBXFileReference; fileEncoding = 4; lastKnownFileType = text; path = filter_13.txt; sourceTree = "<group>"; };
		496F4A2026AB1D0400AE5754 /* filter_5.txt */ = {isa = PBXFileReference; fileEncoding = 4; lastKnownFileType = text; path = filter_5.txt; sourceTree = "<group>"; };
		496F4A2126AB1D0400AE5754 /* filter_4.txt */ = {isa = PBXFileReference; fileEncoding = 4; lastKnownFileType = text; path = filter_4.txt; sourceTree = "<group>"; };
		496F4A2226AB1D0500AE5754 /* filter_15.txt */ = {isa = PBXFileReference; fileEncoding = 4; lastKnownFileType = text; path = filter_15.txt; sourceTree = "<group>"; };
		496F4A2326AB1D0500AE5754 /* filter_16.txt */ = {isa = PBXFileReference; fileEncoding = 4; lastKnownFileType = text; path = filter_16.txt; sourceTree = "<group>"; };
		496F4A2426AB1D0500AE5754 /* filter_9.txt */ = {isa = PBXFileReference; fileEncoding = 4; lastKnownFileType = text; path = filter_9.txt; sourceTree = "<group>"; };
		496F4A2526AB1D0500AE5754 /* filter_2.txt */ = {isa = PBXFileReference; fileEncoding = 4; lastKnownFileType = text; path = filter_2.txt; sourceTree = "<group>"; };
		496F4A2626AB1D0500AE5754 /* filter_17.txt */ = {isa = PBXFileReference; fileEncoding = 4; lastKnownFileType = text; path = filter_17.txt; sourceTree = "<group>"; };
		496F4A2726AB1D0500AE5754 /* filter_10.txt */ = {isa = PBXFileReference; fileEncoding = 4; lastKnownFileType = text; path = filter_10.txt; sourceTree = "<group>"; };
		496F4A3926AF065F00AE5754 /* BlockerEntry.swift */ = {isa = PBXFileReference; fileEncoding = 4; lastKnownFileType = sourcecode.swift; path = BlockerEntry.swift; sourceTree = "<group>"; };
		496F4A3A26AF065F00AE5754 /* ContentBlockerController.swift */ = {isa = PBXFileReference; fileEncoding = 4; lastKnownFileType = sourcecode.swift; path = ContentBlockerController.swift; sourceTree = "<group>"; };
		496F4A3B26AF065F00AE5754 /* NetworkEngine.swift */ = {isa = PBXFileReference; fileEncoding = 4; lastKnownFileType = sourcecode.swift; path = NetworkEngine.swift; sourceTree = "<group>"; };
		496F4A3C26AF065F00AE5754 /* BlockerData.swift */ = {isa = PBXFileReference; fileEncoding = 4; lastKnownFileType = sourcecode.swift; path = BlockerData.swift; sourceTree = "<group>"; };
		496F4A3D26AF066000AE5754 /* ContentBlockerContainer.swift */ = {isa = PBXFileReference; fileEncoding = 4; lastKnownFileType = sourcecode.swift; path = ContentBlockerContainer.swift; sourceTree = "<group>"; };
		49B2A1E82674C9D700C2788E /* SampleAdBlocker.app */ = {isa = PBXFileReference; explicitFileType = wrapper.application; includeInIndex = 0; path = SampleAdBlocker.app; sourceTree = BUILT_PRODUCTS_DIR; };
		49B2A1EB2674C9D700C2788E /* SampleAdBlocker.entitlements */ = {isa = PBXFileReference; lastKnownFileType = text.plist.entitlements; path = SampleAdBlocker.entitlements; sourceTree = "<group>"; };
		49B2A1EC2674C9D700C2788E /* AppDelegate.swift */ = {isa = PBXFileReference; lastKnownFileType = sourcecode.swift; path = AppDelegate.swift; sourceTree = "<group>"; };
		49B2A1EF2674C9D800C2788E /* Base */ = {isa = PBXFileReference; lastKnownFileType = file.storyboard; name = Base; path = Base.lproj/Main.storyboard; sourceTree = "<group>"; };
		49B2A1F12674C9D800C2788E /* ViewController.swift */ = {isa = PBXFileReference; lastKnownFileType = sourcecode.swift; path = ViewController.swift; sourceTree = "<group>"; };
		49B2A1F32674C9DB00C2788E /* Assets.xcassets */ = {isa = PBXFileReference; lastKnownFileType = folder.assetcatalog; path = Assets.xcassets; sourceTree = "<group>"; };
		49B2A1F52674C9DB00C2788E /* Info.plist */ = {isa = PBXFileReference; lastKnownFileType = text.plist.xml; path = Info.plist; sourceTree = "<group>"; };
		49B2A1FA2674C9DB00C2788E /* SampleAdBlocker Extension.appex */ = {isa = PBXFileReference; explicitFileType = "wrapper.app-extension"; includeInIndex = 0; path = "SampleAdBlocker Extension.appex"; sourceTree = BUILT_PRODUCTS_DIR; };
		49B2A1FF2674C9DB00C2788E /* Cocoa.framework */ = {isa = PBXFileReference; lastKnownFileType = wrapper.framework; name = Cocoa.framework; path = System/Library/Frameworks/Cocoa.framework; sourceTree = SDKROOT; };
		49B2A2022674C9DB00C2788E /* SafariWebExtensionHandler.swift */ = {isa = PBXFileReference; lastKnownFileType = sourcecode.swift; path = SafariWebExtensionHandler.swift; sourceTree = "<group>"; };
		49B2A2152674C9DB00C2788E /* Info.plist */ = {isa = PBXFileReference; lastKnownFileType = text.plist.xml; path = Info.plist; sourceTree = "<group>"; };
		49B2A2162674C9DB00C2788E /* SampleAdBlocker_Extension.entitlements */ = {isa = PBXFileReference; lastKnownFileType = text.plist.entitlements; path = SampleAdBlocker_Extension.entitlements; sourceTree = "<group>"; };
		49B2A2242674CA4000C2788E /* ContentBlocker.appex */ = {isa = PBXFileReference; explicitFileType = "wrapper.app-extension"; includeInIndex = 0; path = ContentBlocker.appex; sourceTree = BUILT_PRODUCTS_DIR; };
		49B2A2292674CA4000C2788E /* ContentBlockerRequestHandler.swift */ = {isa = PBXFileReference; lastKnownFileType = sourcecode.swift; path = ContentBlockerRequestHandler.swift; sourceTree = "<group>"; };
		49B2A22B2674CA4000C2788E /* Info.plist */ = {isa = PBXFileReference; lastKnownFileType = text.plist.xml; path = Info.plist; sourceTree = "<group>"; };
		49B2A22C2674CA4000C2788E /* ContentBlocker.entitlements */ = {isa = PBXFileReference; lastKnownFileType = text.plist.entitlements; path = ContentBlocker.entitlements; sourceTree = "<group>"; };
		49B2A2332674D04200C2788E /* Config.swift */ = {isa = PBXFileReference; lastKnownFileType = sourcecode.swift; path = Config.swift; sourceTree = "<group>"; };
		49B2A23E2674D69200C2788E /* RulesConverterService.swift */ = {isa = PBXFileReference; lastKnownFileType = sourcecode.swift; path = RulesConverterService.swift; sourceTree = "<group>"; };
/* End PBXFileReference section */

/* Begin PBXFrameworksBuildPhase section */
		49B2A1E52674C9D700C2788E /* Frameworks */ = {
			isa = PBXFrameworksBuildPhase;
			buildActionMask = 2147483647;
			files = (
				49C36A7B269F04B400BE3544 /* ContentBlockerConverter in Frameworks */,
			);
			runOnlyForDeploymentPostprocessing = 0;
		};
		49B2A1F72674C9DB00C2788E /* Frameworks */ = {
			isa = PBXFrameworksBuildPhase;
			buildActionMask = 2147483647;
			files = (
				49B2A2002674C9DB00C2788E /* Cocoa.framework in Frameworks */,
			);
			runOnlyForDeploymentPostprocessing = 0;
		};
		49B2A2212674CA4000C2788E /* Frameworks */ = {
			isa = PBXFrameworksBuildPhase;
			buildActionMask = 2147483647;
			files = (
				49B2A2252674CA4000C2788E /* Cocoa.framework in Frameworks */,
			);
			runOnlyForDeploymentPostprocessing = 0;
		};
/* End PBXFrameworksBuildPhase section */

/* Begin PBXGroup section */
		496F4A1426A983E600AE5754 /* Shared */ = {
			isa = PBXGroup;
			children = (
				496F4A1526A984B000AE5754 /* UserFilter.swift */,
			);
			path = Shared;
			sourceTree = "<group>";
		};
		49B2A1DF2674C9D700C2788E = {
			isa = PBXGroup;
			children = (
				49B2A2262674CA4000C2788E /* ContentBlocker */,
				49B2A2362674D56000C2788E /* Filters */,
				49B2A1FE2674C9DB00C2788E /* Frameworks */,
				49B2A1E92674C9D700C2788E /* Products */,
				49B2A1EA2674C9D700C2788E /* SampleAdBlocker */,
				49B2A2012674C9DB00C2788E /* SampleAdBlocker Extension */,
			);
			sourceTree = "<group>";
		};
		49B2A1E92674C9D700C2788E /* Products */ = {
			isa = PBXGroup;
			children = (
				49B2A1E82674C9D700C2788E /* SampleAdBlocker.app */,
				49B2A1FA2674C9DB00C2788E /* SampleAdBlocker Extension.appex */,
				49B2A2242674CA4000C2788E /* ContentBlocker.appex */,
			);
			name = Products;
			sourceTree = "<group>";
		};
		49B2A1EA2674C9D700C2788E /* SampleAdBlocker */ = {
			isa = PBXGroup;
			children = (
				496F4A1426A983E600AE5754 /* Shared */,
				49B2A1EB2674C9D700C2788E /* SampleAdBlocker.entitlements */,
				49B2A1EC2674C9D700C2788E /* AppDelegate.swift */,
				49B2A1EE2674C9D800C2788E /* Main.storyboard */,
				49B2A1F12674C9D800C2788E /* ViewController.swift */,
				49B2A1F32674C9DB00C2788E /* Assets.xcassets */,
				49B2A1F52674C9DB00C2788E /* Info.plist */,
				49B2A2332674D04200C2788E /* Config.swift */,
				49B2A23E2674D69200C2788E /* RulesConverterService.swift */,
			);
			path = SampleAdBlocker;
			sourceTree = "<group>";
		};
		49B2A1FE2674C9DB00C2788E /* Frameworks */ = {
			isa = PBXGroup;
			children = (
				49B2A1FF2674C9DB00C2788E /* Cocoa.framework */,
			);
			name = Frameworks;
			sourceTree = "<group>";
		};
		49B2A2012674C9DB00C2788E /* SampleAdBlocker Extension */ = {
			isa = PBXGroup;
			children = (
				49B2A2022674C9DB00C2788E /* SafariWebExtensionHandler.swift */,
				496F4A3C26AF065F00AE5754 /* BlockerData.swift */,
				496F4A3926AF065F00AE5754 /* BlockerEntry.swift */,
				496F4A3D26AF066000AE5754 /* ContentBlockerContainer.swift */,
				496F4A3A26AF065F00AE5754 /* ContentBlockerController.swift */,
				496F4A3B26AF065F00AE5754 /* NetworkEngine.swift */,
				49B2A2152674C9DB00C2788E /* Info.plist */,
				49B2A2162674C9DB00C2788E /* SampleAdBlocker_Extension.entitlements */,
				49B2A2042674C9DB00C2788E /* Resources */,
			);
			path = "SampleAdBlocker Extension";
			sourceTree = "<group>";
		};
		49B2A2042674C9DB00C2788E /* Resources */ = {
			isa = PBXGroup;
			children = (
				496F4A0026A85D4700AE5754 /* _locales */,
				496F4A0226A85D4700AE5754 /* assistant.js */,
				496F4A0426A85D4700AE5754 /* background.js */,
				496F4A0326A85D4700AE5754 /* content.js */,
				496F49FF26A85D4700AE5754 /* images */,
				496F4A0126A85D4700AE5754 /* manifest.json */,
				496F4A0626A85D4700AE5754 /* popup.html */,
				496F4A0526A85D4700AE5754 /* popup.js */,
			);
			path = Resources;
			sourceTree = "<group>";
		};
		49B2A2262674CA4000C2788E /* ContentBlocker */ = {
			isa = PBXGroup;
			children = (
				49B2A2292674CA4000C2788E /* ContentBlockerRequestHandler.swift */,
				49B2A22B2674CA4000C2788E /* Info.plist */,
				49B2A22C2674CA4000C2788E /* ContentBlocker.entitlements */,
			);
			path = ContentBlocker;
			sourceTree = "<group>";
		};
		49B2A2362674D56000C2788E /* Filters */ = {
			isa = PBXGroup;
			children = (
				496F4A1B26AB1D0300AE5754 /* filter_1.txt */,
				496F4A2526AB1D0500AE5754 /* filter_2.txt */,
				496F4A1926AB1D0300AE5754 /* filter_3.txt */,
				496F4A2126AB1D0400AE5754 /* filter_4.txt */,
				496F4A2026AB1D0400AE5754 /* filter_5.txt */,
				496F4A1D26AB1D0400AE5754 /* filter_6.txt */,
				496F4A1C26AB1D0300AE5754 /* filter_7.txt */,
				496F4A1A26AB1D0300AE5754 /* filter_8.txt */,
				496F4A2426AB1D0500AE5754 /* filter_9.txt */,
				496F4A2726AB1D0500AE5754 /* filter_10.txt */,
				496F4A1E26AB1D0400AE5754 /* filter_11.txt */,
				496F4A1826AB1D0300AE5754 /* filter_12.txt */,
				496F4A1F26AB1D0400AE5754 /* filter_13.txt */,
				496F4A1726AB1D0300AE5754 /* filter_14.txt */,
				496F4A2226AB1D0500AE5754 /* filter_15.txt */,
				496F4A2326AB1D0500AE5754 /* filter_16.txt */,
				496F4A2626AB1D0500AE5754 /* filter_17.txt */,
				496E362E267C8B5100BA873D /* base-filter.txt */,
			);
			path = Filters;
			sourceTree = "<group>";
		};
/* End PBXGroup section */

/* Begin PBXNativeTarget section */
		49B2A1E72674C9D700C2788E /* SampleAdBlocker */ = {
			isa = PBXNativeTarget;
			buildConfigurationList = 49B2A21D2674C9DB00C2788E /* Build configuration list for PBXNativeTarget "SampleAdBlocker" */;
			buildPhases = (
				49B2A1E42674C9D700C2788E /* Sources */,
				49B2A1E52674C9D700C2788E /* Frameworks */,
				49B2A1E62674C9D700C2788E /* Resources */,
				49B2A21C2674C9DB00C2788E /* Embed App Extensions */,
			);
			buildRules = (
			);
			dependencies = (
				49B2A1FD2674C9DB00C2788E /* PBXTargetDependency */,
				49B2A22E2674CA4000C2788E /* PBXTargetDependency */,
			);
			name = SampleAdBlocker;
			packageProductDependencies = (
				49C36A7A269F04B400BE3544 /* ContentBlockerConverter */,
			);
			productName = SampleAdBlocker;
			productReference = 49B2A1E82674C9D700C2788E /* SampleAdBlocker.app */;
			productType = "com.apple.product-type.application";
		};
		49B2A1F92674C9DB00C2788E /* SampleAdBlocker Extension */ = {
			isa = PBXNativeTarget;
			buildConfigurationList = 49B2A2192674C9DB00C2788E /* Build configuration list for PBXNativeTarget "SampleAdBlocker Extension" */;
			buildPhases = (
				49B2A1F62674C9DB00C2788E /* Sources */,
				49B2A1F72674C9DB00C2788E /* Frameworks */,
				49B2A1F82674C9DB00C2788E /* Resources */,
			);
			buildRules = (
			);
			dependencies = (
			);
			name = "SampleAdBlocker Extension";
			productName = "SampleAdBlocker Extension";
			productReference = 49B2A1FA2674C9DB00C2788E /* SampleAdBlocker Extension.appex */;
			productType = "com.apple.product-type.app-extension";
		};
		49B2A2232674CA4000C2788E /* ContentBlocker */ = {
			isa = PBXNativeTarget;
			buildConfigurationList = 49B2A2302674CA4000C2788E /* Build configuration list for PBXNativeTarget "ContentBlocker" */;
			buildPhases = (
				49B2A2202674CA4000C2788E /* Sources */,
				49B2A2212674CA4000C2788E /* Frameworks */,
				49B2A2222674CA4000C2788E /* Resources */,
			);
			buildRules = (
			);
			dependencies = (
			);
			name = ContentBlocker;
			productName = ContentBlocker;
			productReference = 49B2A2242674CA4000C2788E /* ContentBlocker.appex */;
			productType = "com.apple.product-type.app-extension";
		};
/* End PBXNativeTarget section */

/* Begin PBXProject section */
		49B2A1E02674C9D700C2788E /* Project object */ = {
			isa = PBXProject;
			attributes = {
				LastSwiftUpdateCheck = 1300;
				LastUpgradeCheck = 1250;
				TargetAttributes = {
					49B2A1E72674C9D700C2788E = {
						CreatedOnToolsVersion = 12.5;
					};
					49B2A1F92674C9DB00C2788E = {
						CreatedOnToolsVersion = 12.5;
					};
					49B2A2232674CA4000C2788E = {
						CreatedOnToolsVersion = 12.5;
					};
				};
			};
			buildConfigurationList = 49B2A1E32674C9D700C2788E /* Build configuration list for PBXProject "SampleAdBlocker" */;
			compatibilityVersion = "Xcode 9.3";
			developmentRegion = en;
			hasScannedForEncodings = 0;
			knownRegions = (
				en,
				Base,
			);
			mainGroup = 49B2A1DF2674C9D700C2788E;
			packageReferences = (
				49C36A79269F04B400BE3544 /* XCRemoteSwiftPackageReference "safari-converter" */,
			);
			productRefGroup = 49B2A1E92674C9D700C2788E /* Products */;
			projectDirPath = "";
			projectRoot = "";
			targets = (
				49B2A1E72674C9D700C2788E /* SampleAdBlocker */,
				49B2A1F92674C9DB00C2788E /* SampleAdBlocker Extension */,
				49B2A2232674CA4000C2788E /* ContentBlocker */,
			);
		};
/* End PBXProject section */

/* Begin PBXResourcesBuildPhase section */
		49B2A1E62674C9D700C2788E /* Resources */ = {
			isa = PBXResourcesBuildPhase;
			buildActionMask = 2147483647;
			files = (
				496F4A2C26AB1D0600AE5754 /* filter_1.txt in Resources */,
				496F4A2B26AB1D0600AE5754 /* filter_8.txt in Resources */,
				496F4A2926AB1D0600AE5754 /* filter_12.txt in Resources */,
				49B2A1F42674C9DB00C2788E /* Assets.xcassets in Resources */,
				496F4A3326AB1D0600AE5754 /* filter_15.txt in Resources */,
				496F4A3626AB1D0600AE5754 /* filter_2.txt in Resources */,
				496F4A3026AB1D0600AE5754 /* filter_13.txt in Resources */,
				496F4A3726AB1D0600AE5754 /* filter_17.txt in Resources */,
				496F4A2A26AB1D0600AE5754 /* filter_3.txt in Resources */,
				496F4A3826AB1D0600AE5754 /* filter_10.txt in Resources */,
				496F4A3426AB1D0600AE5754 /* filter_16.txt in Resources */,
				496F4A2F26AB1D0600AE5754 /* filter_11.txt in Resources */,
				496F4A2D26AB1D0600AE5754 /* filter_7.txt in Resources */,
				496F4A2826AB1D0600AE5754 /* filter_14.txt in Resources */,
				496F4A3226AB1D0600AE5754 /* filter_4.txt in Resources */,
				49B2A1F02674C9D800C2788E /* Main.storyboard in Resources */,
				496E362F267C8B5100BA873D /* base-filter.txt in Resources */,
				496F4A3526AB1D0600AE5754 /* filter_9.txt in Resources */,
				496F4A3126AB1D0600AE5754 /* filter_5.txt in Resources */,
				496F4A2E26AB1D0600AE5754 /* filter_6.txt in Resources */,
			);
			runOnlyForDeploymentPostprocessing = 0;
		};
		49B2A1F82674C9DB00C2788E /* Resources */ = {
			isa = PBXResourcesBuildPhase;
			buildActionMask = 2147483647;
			files = (
				496F4A0D26A85D4700AE5754 /* popup.js in Resources */,
				496F4A0E26A85D4700AE5754 /* popup.html in Resources */,
				496F4A0826A85D4700AE5754 /* _locales in Resources */,
				496F4A0A26A85D4700AE5754 /* assistant.js in Resources */,
				496F4A0926A85D4700AE5754 /* manifest.json in Resources */,
				496F4A0726A85D4700AE5754 /* images in Resources */,
				496F4A0C26A85D4700AE5754 /* background.js in Resources */,
				496F4A0B26A85D4700AE5754 /* content.js in Resources */,
			);
			runOnlyForDeploymentPostprocessing = 0;
		};
		49B2A2222674CA4000C2788E /* Resources */ = {
			isa = PBXResourcesBuildPhase;
			buildActionMask = 2147483647;
			files = (
			);
			runOnlyForDeploymentPostprocessing = 0;
		};
/* End PBXResourcesBuildPhase section */

/* Begin PBXSourcesBuildPhase section */
		49B2A1E42674C9D700C2788E /* Sources */ = {
			isa = PBXSourcesBuildPhase;
			buildActionMask = 2147483647;
			files = (
				49B2A1F22674C9D800C2788E /* ViewController.swift in Sources */,
				49B2A1ED2674C9D700C2788E /* AppDelegate.swift in Sources */,
				49B2A23F2674D69200C2788E /* RulesConverterService.swift in Sources */,
				496F4A1626A984B000AE5754 /* UserFilter.swift in Sources */,
				49B2A2342674D04200C2788E /* Config.swift in Sources */,
			);
			runOnlyForDeploymentPostprocessing = 0;
		};
		49B2A1F62674C9DB00C2788E /* Sources */ = {
			isa = PBXSourcesBuildPhase;
			buildActionMask = 2147483647;
			files = (
				49B2A2032674C9DB00C2788E /* SafariWebExtensionHandler.swift in Sources */,
				496F4A4026AF066000AE5754 /* NetworkEngine.swift in Sources */,
				496F4A4226AF066000AE5754 /* ContentBlockerContainer.swift in Sources */,
				496F4A3E26AF066000AE5754 /* BlockerEntry.swift in Sources */,
				496F4A3F26AF066000AE5754 /* ContentBlockerController.swift in Sources */,
				496F4A4126AF066000AE5754 /* BlockerData.swift in Sources */,
				497E810D2685D00800D90ED7 /* Config.swift in Sources */,
			);
			runOnlyForDeploymentPostprocessing = 0;
		};
		49B2A2202674CA4000C2788E /* Sources */ = {
			isa = PBXSourcesBuildPhase;
			buildActionMask = 2147483647;
			files = (
				49B2A2352674D16800C2788E /* Config.swift in Sources */,
				49B2A22A2674CA4000C2788E /* ContentBlockerRequestHandler.swift in Sources */,
			);
			runOnlyForDeploymentPostprocessing = 0;
		};
/* End PBXSourcesBuildPhase section */

/* Begin PBXTargetDependency section */
		49B2A1FD2674C9DB00C2788E /* PBXTargetDependency */ = {
			isa = PBXTargetDependency;
			target = 49B2A1F92674C9DB00C2788E /* SampleAdBlocker Extension */;
			targetProxy = 49B2A1FC2674C9DB00C2788E /* PBXContainerItemProxy */;
		};
		49B2A22E2674CA4000C2788E /* PBXTargetDependency */ = {
			isa = PBXTargetDependency;
			target = 49B2A2232674CA4000C2788E /* ContentBlocker */;
			targetProxy = 49B2A22D2674CA4000C2788E /* PBXContainerItemProxy */;
		};
/* End PBXTargetDependency section */

/* Begin PBXVariantGroup section */
		49B2A1EE2674C9D800C2788E /* Main.storyboard */ = {
			isa = PBXVariantGroup;
			children = (
				49B2A1EF2674C9D800C2788E /* Base */,
			);
			name = Main.storyboard;
			sourceTree = "<group>";
		};
/* End PBXVariantGroup section */

/* Begin XCBuildConfiguration section */
		49B2A2172674C9DB00C2788E /* Debug */ = {
			isa = XCBuildConfiguration;
			buildSettings = {
				ALWAYS_SEARCH_USER_PATHS = NO;
				CLANG_ANALYZER_NONNULL = YES;
				CLANG_ANALYZER_NUMBER_OBJECT_CONVERSION = YES_AGGRESSIVE;
				CLANG_CXX_LANGUAGE_STANDARD = "gnu++14";
				CLANG_CXX_LIBRARY = "libc++";
				CLANG_ENABLE_MODULES = YES;
				CLANG_ENABLE_OBJC_ARC = YES;
				CLANG_ENABLE_OBJC_WEAK = YES;
				CLANG_WARN_BLOCK_CAPTURE_AUTORELEASING = YES;
				CLANG_WARN_BOOL_CONVERSION = YES;
				CLANG_WARN_COMMA = YES;
				CLANG_WARN_CONSTANT_CONVERSION = YES;
				CLANG_WARN_DEPRECATED_OBJC_IMPLEMENTATIONS = YES;
				CLANG_WARN_DIRECT_OBJC_ISA_USAGE = YES_ERROR;
				CLANG_WARN_DOCUMENTATION_COMMENTS = YES;
				CLANG_WARN_EMPTY_BODY = YES;
				CLANG_WARN_ENUM_CONVERSION = YES;
				CLANG_WARN_INFINITE_RECURSION = YES;
				CLANG_WARN_INT_CONVERSION = YES;
				CLANG_WARN_NON_LITERAL_NULL_CONVERSION = YES;
				CLANG_WARN_OBJC_IMPLICIT_RETAIN_SELF = YES;
				CLANG_WARN_OBJC_LITERAL_CONVERSION = YES;
				CLANG_WARN_OBJC_ROOT_CLASS = YES_ERROR;
				CLANG_WARN_QUOTED_INCLUDE_IN_FRAMEWORK_HEADER = YES;
				CLANG_WARN_RANGE_LOOP_ANALYSIS = YES;
				CLANG_WARN_STRICT_PROTOTYPES = YES;
				CLANG_WARN_SUSPICIOUS_MOVE = YES;
				CLANG_WARN_UNGUARDED_AVAILABILITY = YES_AGGRESSIVE;
				CLANG_WARN_UNREACHABLE_CODE = YES;
				CLANG_WARN__DUPLICATE_METHOD_MATCH = YES;
				COPY_PHASE_STRIP = NO;
				DEBUG_INFORMATION_FORMAT = dwarf;
				ENABLE_STRICT_OBJC_MSGSEND = YES;
				ENABLE_TESTABILITY = YES;
				GCC_C_LANGUAGE_STANDARD = gnu11;
				GCC_DYNAMIC_NO_PIC = NO;
				GCC_NO_COMMON_BLOCKS = YES;
				GCC_OPTIMIZATION_LEVEL = 0;
				GCC_PREPROCESSOR_DEFINITIONS = (
					"DEBUG=1",
					"$(inherited)",
				);
				GCC_WARN_64_TO_32_BIT_CONVERSION = YES;
				GCC_WARN_ABOUT_RETURN_TYPE = YES_ERROR;
				GCC_WARN_UNDECLARED_SELECTOR = YES;
				GCC_WARN_UNINITIALIZED_AUTOS = YES_AGGRESSIVE;
				GCC_WARN_UNUSED_FUNCTION = YES;
				GCC_WARN_UNUSED_VARIABLE = YES;
				MACOSX_DEPLOYMENT_TARGET = 11.3;
				MTL_ENABLE_DEBUG_INFO = INCLUDE_SOURCE;
				MTL_FAST_MATH = YES;
				ONLY_ACTIVE_ARCH = YES;
				SDKROOT = macosx;
				SWIFT_ACTIVE_COMPILATION_CONDITIONS = DEBUG;
				SWIFT_OPTIMIZATION_LEVEL = "-Onone";
			};
			name = Debug;
		};
		49B2A2182674C9DB00C2788E /* Release */ = {
			isa = XCBuildConfiguration;
			buildSettings = {
				ALWAYS_SEARCH_USER_PATHS = NO;
				CLANG_ANALYZER_NONNULL = YES;
				CLANG_ANALYZER_NUMBER_OBJECT_CONVERSION = YES_AGGRESSIVE;
				CLANG_CXX_LANGUAGE_STANDARD = "gnu++14";
				CLANG_CXX_LIBRARY = "libc++";
				CLANG_ENABLE_MODULES = YES;
				CLANG_ENABLE_OBJC_ARC = YES;
				CLANG_ENABLE_OBJC_WEAK = YES;
				CLANG_WARN_BLOCK_CAPTURE_AUTORELEASING = YES;
				CLANG_WARN_BOOL_CONVERSION = YES;
				CLANG_WARN_COMMA = YES;
				CLANG_WARN_CONSTANT_CONVERSION = YES;
				CLANG_WARN_DEPRECATED_OBJC_IMPLEMENTATIONS = YES;
				CLANG_WARN_DIRECT_OBJC_ISA_USAGE = YES_ERROR;
				CLANG_WARN_DOCUMENTATION_COMMENTS = YES;
				CLANG_WARN_EMPTY_BODY = YES;
				CLANG_WARN_ENUM_CONVERSION = YES;
				CLANG_WARN_INFINITE_RECURSION = YES;
				CLANG_WARN_INT_CONVERSION = YES;
				CLANG_WARN_NON_LITERAL_NULL_CONVERSION = YES;
				CLANG_WARN_OBJC_IMPLICIT_RETAIN_SELF = YES;
				CLANG_WARN_OBJC_LITERAL_CONVERSION = YES;
				CLANG_WARN_OBJC_ROOT_CLASS = YES_ERROR;
				CLANG_WARN_QUOTED_INCLUDE_IN_FRAMEWORK_HEADER = YES;
				CLANG_WARN_RANGE_LOOP_ANALYSIS = YES;
				CLANG_WARN_STRICT_PROTOTYPES = YES;
				CLANG_WARN_SUSPICIOUS_MOVE = YES;
				CLANG_WARN_UNGUARDED_AVAILABILITY = YES_AGGRESSIVE;
				CLANG_WARN_UNREACHABLE_CODE = YES;
				CLANG_WARN__DUPLICATE_METHOD_MATCH = YES;
				COPY_PHASE_STRIP = NO;
				DEBUG_INFORMATION_FORMAT = "dwarf-with-dsym";
				ENABLE_NS_ASSERTIONS = NO;
				ENABLE_STRICT_OBJC_MSGSEND = YES;
				GCC_C_LANGUAGE_STANDARD = gnu11;
				GCC_NO_COMMON_BLOCKS = YES;
				GCC_WARN_64_TO_32_BIT_CONVERSION = YES;
				GCC_WARN_ABOUT_RETURN_TYPE = YES_ERROR;
				GCC_WARN_UNDECLARED_SELECTOR = YES;
				GCC_WARN_UNINITIALIZED_AUTOS = YES_AGGRESSIVE;
				GCC_WARN_UNUSED_FUNCTION = YES;
				GCC_WARN_UNUSED_VARIABLE = YES;
				MACOSX_DEPLOYMENT_TARGET = 11.3;
				MTL_ENABLE_DEBUG_INFO = NO;
				MTL_FAST_MATH = YES;
				SDKROOT = macosx;
				SWIFT_COMPILATION_MODE = wholemodule;
				SWIFT_OPTIMIZATION_LEVEL = "-O";
			};
			name = Release;
		};
		49B2A21A2674C9DB00C2788E /* Debug */ = {
			isa = XCBuildConfiguration;
			buildSettings = {
				CODE_SIGN_ENTITLEMENTS = "SampleAdBlocker Extension/SampleAdBlocker_Extension.entitlements";
				CODE_SIGN_IDENTITY = "Apple Development";
				CODE_SIGN_STYLE = Automatic;
				DEVELOPMENT_TEAM = DS2VHG8P3P;
				ENABLE_HARDENED_RUNTIME = YES;
				INFOPLIST_FILE = "SampleAdBlocker Extension/Info.plist";
				LD_RUNPATH_SEARCH_PATHS = (
					"$(inherited)",
					"@executable_path/../Frameworks",
					"@executable_path/../../../../Frameworks",
				);
				MACOSX_DEPLOYMENT_TARGET = 10.14;
				PRODUCT_BUNDLE_IDENTIFIER = com.maximtop.SampleAdBlocker.Extension;
				PRODUCT_NAME = "$(TARGET_NAME)";
				PROVISIONING_PROFILE_SPECIFIER = "";
				SKIP_INSTALL = YES;
				SWIFT_VERSION = 5.0;
			};
			name = Debug;
		};
		49B2A21B2674C9DB00C2788E /* Release */ = {
			isa = XCBuildConfiguration;
			buildSettings = {
				CODE_SIGN_ENTITLEMENTS = "SampleAdBlocker Extension/SampleAdBlocker_Extension.entitlements";
				CODE_SIGN_IDENTITY = "Apple Development";
				CODE_SIGN_STYLE = Automatic;
				DEVELOPMENT_TEAM = DS2VHG8P3P;
				ENABLE_HARDENED_RUNTIME = YES;
				INFOPLIST_FILE = "SampleAdBlocker Extension/Info.plist";
				LD_RUNPATH_SEARCH_PATHS = (
					"$(inherited)",
					"@executable_path/../Frameworks",
					"@executable_path/../../../../Frameworks",
				);
				MACOSX_DEPLOYMENT_TARGET = 10.14;
				PRODUCT_BUNDLE_IDENTIFIER = com.maximtop.SampleAdBlocker.Extension;
				PRODUCT_NAME = "$(TARGET_NAME)";
				PROVISIONING_PROFILE_SPECIFIER = "";
				SKIP_INSTALL = YES;
				SWIFT_VERSION = 5.0;
			};
			name = Release;
		};
		49B2A21E2674C9DB00C2788E /* Debug */ = {
			isa = XCBuildConfiguration;
			buildSettings = {
				ALWAYS_EMBED_SWIFT_STANDARD_LIBRARIES = YES;
				ASSETCATALOG_COMPILER_APPICON_NAME = AppIcon;
				ASSETCATALOG_COMPILER_GLOBAL_ACCENT_COLOR_NAME = AccentColor;
				CODE_SIGN_ENTITLEMENTS = SampleAdBlocker/SampleAdBlocker.entitlements;
				CODE_SIGN_IDENTITY = "Apple Development";
				CODE_SIGN_STYLE = Automatic;
				COMBINE_HIDPI_IMAGES = YES;
				DEVELOPMENT_TEAM = DS2VHG8P3P;
				ENABLE_HARDENED_RUNTIME = YES;
				INFOPLIST_FILE = SampleAdBlocker/Info.plist;
				LD_RUNPATH_SEARCH_PATHS = (
					"$(inherited)",
					"@executable_path/../Frameworks",
				);
				MACOSX_DEPLOYMENT_TARGET = 10.14;
				PRODUCT_BUNDLE_IDENTIFIER = com.maximtop.SampleAdBlocker;
				PRODUCT_NAME = "$(TARGET_NAME)";
				PROVISIONING_PROFILE_SPECIFIER = "";
				SWIFT_VERSION = 5.0;
			};
			name = Debug;
		};
		49B2A21F2674C9DB00C2788E /* Release */ = {
			isa = XCBuildConfiguration;
			buildSettings = {
				ALWAYS_EMBED_SWIFT_STANDARD_LIBRARIES = YES;
				ASSETCATALOG_COMPILER_APPICON_NAME = AppIcon;
				ASSETCATALOG_COMPILER_GLOBAL_ACCENT_COLOR_NAME = AccentColor;
				CODE_SIGN_ENTITLEMENTS = SampleAdBlocker/SampleAdBlocker.entitlements;
				CODE_SIGN_IDENTITY = "Apple Development";
				CODE_SIGN_STYLE = Automatic;
				COMBINE_HIDPI_IMAGES = YES;
				DEVELOPMENT_TEAM = DS2VHG8P3P;
				ENABLE_HARDENED_RUNTIME = YES;
				INFOPLIST_FILE = SampleAdBlocker/Info.plist;
				LD_RUNPATH_SEARCH_PATHS = (
					"$(inherited)",
					"@executable_path/../Frameworks",
				);
				MACOSX_DEPLOYMENT_TARGET = 10.14;
				PRODUCT_BUNDLE_IDENTIFIER = com.maximtop.SampleAdBlocker;
				PRODUCT_NAME = "$(TARGET_NAME)";
				PROVISIONING_PROFILE_SPECIFIER = "";
				SWIFT_VERSION = 5.0;
			};
			name = Release;
		};
		49B2A2312674CA4000C2788E /* Debug */ = {
			isa = XCBuildConfiguration;
			buildSettings = {
				CODE_SIGN_ENTITLEMENTS = ContentBlocker/ContentBlocker.entitlements;
				CODE_SIGN_IDENTITY = "Apple Development";
				CODE_SIGN_STYLE = Automatic;
				DEVELOPMENT_TEAM = DS2VHG8P3P;
				ENABLE_HARDENED_RUNTIME = YES;
				INFOPLIST_FILE = ContentBlocker/Info.plist;
				LD_RUNPATH_SEARCH_PATHS = (
					"$(inherited)",
					"@executable_path/../Frameworks",
					"@executable_path/../../../../Frameworks",
				);
				PRODUCT_BUNDLE_IDENTIFIER = com.maximtop.SampleAdBlocker.ContentBlocker;
				PRODUCT_NAME = "$(TARGET_NAME)";
				PROVISIONING_PROFILE_SPECIFIER = "";
				SKIP_INSTALL = YES;
				SWIFT_VERSION = 5.0;
			};
			name = Debug;
		};
		49B2A2322674CA4000C2788E /* Release */ = {
			isa = XCBuildConfiguration;
			buildSettings = {
				CODE_SIGN_ENTITLEMENTS = ContentBlocker/ContentBlocker.entitlements;
				CODE_SIGN_IDENTITY = "Apple Development";
				CODE_SIGN_STYLE = Automatic;
				DEVELOPMENT_TEAM = DS2VHG8P3P;
				ENABLE_HARDENED_RUNTIME = YES;
				INFOPLIST_FILE = ContentBlocker/Info.plist;
				LD_RUNPATH_SEARCH_PATHS = (
					"$(inherited)",
					"@executable_path/../Frameworks",
					"@executable_path/../../../../Frameworks",
				);
				PRODUCT_BUNDLE_IDENTIFIER = com.maximtop.SampleAdBlocker.ContentBlocker;
				PRODUCT_NAME = "$(TARGET_NAME)";
				PROVISIONING_PROFILE_SPECIFIER = "";
				SKIP_INSTALL = YES;
				SWIFT_VERSION = 5.0;
			};
			name = Release;
		};
/* End XCBuildConfiguration section */

/* Begin XCConfigurationList section */
		49B2A1E32674C9D700C2788E /* Build configuration list for PBXProject "SampleAdBlocker" */ = {
			isa = XCConfigurationList;
			buildConfigurations = (
				49B2A2172674C9DB00C2788E /* Debug */,
				49B2A2182674C9DB00C2788E /* Release */,
			);
			defaultConfigurationIsVisible = 0;
			defaultConfigurationName = Release;
		};
		49B2A2192674C9DB00C2788E /* Build configuration list for PBXNativeTarget "SampleAdBlocker Extension" */ = {
			isa = XCConfigurationList;
			buildConfigurations = (
				49B2A21A2674C9DB00C2788E /* Debug */,
				49B2A21B2674C9DB00C2788E /* Release */,
			);
			defaultConfigurationIsVisible = 0;
			defaultConfigurationName = Release;
		};
		49B2A21D2674C9DB00C2788E /* Build configuration list for PBXNativeTarget "SampleAdBlocker" */ = {
			isa = XCConfigurationList;
			buildConfigurations = (
				49B2A21E2674C9DB00C2788E /* Debug */,
				49B2A21F2674C9DB00C2788E /* Release */,
			);
			defaultConfigurationIsVisible = 0;
			defaultConfigurationName = Release;
		};
		49B2A2302674CA4000C2788E /* Build configuration list for PBXNativeTarget "ContentBlocker" */ = {
			isa = XCConfigurationList;
			buildConfigurations = (
				49B2A2312674CA4000C2788E /* Debug */,
				49B2A2322674CA4000C2788E /* Release */,
			);
			defaultConfigurationIsVisible = 0;
			defaultConfigurationName = Release;
		};
/* End XCConfigurationList section */

/* Begin XCRemoteSwiftPackageReference section */
		49C36A79269F04B400BE3544 /* XCRemoteSwiftPackageReference "safari-converter" */ = {
			isa = XCRemoteSwiftPackageReference;
			repositoryURL = "file:///Volumes/dev/safari-converter";
			requirement = {
				branch = master;
				kind = branch;
			};
		};
/* End XCRemoteSwiftPackageReference section */

/* Begin XCSwiftPackageProductDependency section */
		49C36A7A269F04B400BE3544 /* ContentBlockerConverter */ = {
			isa = XCSwiftPackageProductDependency;
			package = 49C36A79269F04B400BE3544 /* XCRemoteSwiftPackageReference "safari-converter" */;
			productName = ContentBlockerConverter;
		};
/* End XCSwiftPackageProductDependency section */
	};
	rootObject = 49B2A1E02674C9D700C2788E /* Project object */;
}
